
Microsoft Visual Studio Solution File, Format Version 12.00
# Visual Studio Version 16
VisualStudioVersion = 16.0.31112.23
MinimumVisualStudioVersion = 10.0.40219.1
Project("{FAE04EC0-301F-11D3-BF4B-00C04F79EFBC}") = "frmForm", "frmForm\frmForm.csproj", "{88A023A7-5E1F-40E9-A504-00FE294FDD1D}"
EndProject
Global
	GlobalSection(SolutionConfigurationPlatforms) = preSolution
		Debug|Any CPU = Debug|Any CPU
		Release|Any CPU = Release|Any CPU
	EndGlobalSection
	GlobalSection(ProjectConfigurationPlatforms) = postSolution
		{88A023A7-5E1F-40E9-A504-00FE294FDD1D}.Debug|Any CPU.ActiveCfg = Debug|Any CPU
		{88A023A7-5E1F-40E9-A504-00FE294FDD1D}.Debug|Any CPU.Build.0 = Debug|Any CPU
		{88A023A7-5E1F-40E9-A504-00FE294FDD1D}.Release|Any CPU.ActiveCfg = Release|Any CPU
		{88A023A7-5E1F-40E9-A504-00FE294FDD1D}.Release|Any CPU.Build.0 = Release|Any CPU
	EndGlobalSection
	GlobalSection(SolutionProperties) = preSolution
		HideSolutionNode = FALSE
	EndGlobalSection
	GlobalSection(ExtensibilityGlobals) = postSolution
		SolutionGuid = {132590CD-9200-483A-B9AE-935A3B7E06AD}
	EndGlobalSection
EndGlobal
